// !$*UTF8*$!
{
	archiveVersion = 1;
	classes = {
	};
	objectVersion = 46;
	objects = {

/* Begin PBXBuildFile section */
		B3F240A01C63119A0024088D /* main.m in Sources */ = {isa = PBXBuildFile; fileRef = B3F2409F1C63119A0024088D /* main.m */; };
		B3F240A31C63119A0024088D /* AppDelegate.m in Sources */ = {isa = PBXBuildFile; fileRef = B3F240A21C63119A0024088D /* AppDelegate.m */; };
		B3F240A91C63119A0024088D /* Main.storyboard in Resources */ = {isa = PBXBuildFile; fileRef = B3F240A71C63119A0024088D /* Main.storyboard */; };
		B3F240AC1C63119A0024088D /* ToDoManager.xcdatamodeld in Sources */ = {isa = PBXBuildFile; fileRef = B3F240AA1C63119A0024088D /* ToDoManager.xcdatamodeld */; };
		B3F240AE1C63119B0024088D /* Assets.xcassets in Resources */ = {isa = PBXBuildFile; fileRef = B3F240AD1C63119B0024088D /* Assets.xcassets */; };
		B3F240B11C63119B0024088D /* LaunchScreen.storyboard in Resources */ = {isa = PBXBuildFile; fileRef = B3F240AF1C63119B0024088D /* LaunchScreen.storyboard */; };
		B3F240BA1C6312E50024088D /* MyUINavigationController.m in Sources */ = {isa = PBXBuildFile; fileRef = B3F240B91C6312E50024088D /* MyUINavigationController.m */; };
		B3F240BD1C6313280024088D /* MyUITableViewController.m in Sources */ = {isa = PBXBuildFile; fileRef = B3F240BC1C6313280024088D /* MyUITableViewController.m */; };
		B3F240C01C6313690024088D /* MyUIViewController.m in Sources */ = {isa = PBXBuildFile; fileRef = B3F240BF1C6313690024088D /* MyUIViewController.m */; };
		B3F240C71C639DB20024088D /* ToDoEntity+CoreDataProperties.m in Sources */ = {isa = PBXBuildFile; fileRef = B3F240C41C639DB20024088D /* ToDoEntity+CoreDataProperties.m */; };
		B3F240C81C639DB20024088D /* ToDoEntity.m in Sources */ = {isa = PBXBuildFile; fileRef = B3F240C61C639DB20024088D /* ToDoEntity.m */; };
		B3F240CB1C639FF50024088D /* MyTableViewCell.m in Sources */ = {isa = PBXBuildFile; fileRef = B3F240CA1C639FF50024088D /* MyTableViewCell.m */; };
/* End PBXBuildFile section */

/* Begin PBXFileReference section */
		B3F2409B1C63119A0024088D /* ToDoManager.app */ = {isa = PBXFileReference; explicitFileType = wrapper.application; includeInIndex = 0; path = ToDoManager.app; sourceTree = BUILT_PRODUCTS_DIR; };
		B3F2409F1C63119A0024088D /* main.m */ = {isa = PBXFileReference; lastKnownFileType = sourcecode.c.objc; path = main.m; sourceTree = "<group>"; };
		B3F240A11C63119A0024088D /* AppDelegate.h */ = {isa = PBXFileReference; lastKnownFileType = sourcecode.c.h; path = AppDelegate.h; sourceTree = "<group>"; };
		B3F240A21C63119A0024088D /* AppDelegate.m */ = {isa = PBXFileReference; lastKnownFileType = sourcecode.c.objc; path = AppDelegate.m; sourceTree = "<group>"; };
		B3F240A81C63119A0024088D /* Base */ = {isa = PBXFileReference; lastKnownFileType = file.storyboard; name = Base; path = Base.lproj/Main.storyboard; sourceTree = "<group>"; };
		B3F240AB1C63119A0024088D /* ToDoManager.xcdatamodel */ = {isa = PBXFileReference; lastKnownFileType = wrapper.xcdatamodel; path = ToDoManager.xcdatamodel; sourceTree = "<group>"; };
		B3F240AD1C63119B0024088D /* Assets.xcassets */ = {isa = PBXFileReference; lastKnownFileType = folder.assetcatalog; path = Assets.xcassets; sourceTree = "<group>"; };
		B3F240B01C63119B0024088D /* Base */ = {isa = PBXFileReference; lastKnownFileType = file.storyboard; name = Base; path = Base.lproj/LaunchScreen.storyboard; sourceTree = "<group>"; };
		B3F240B21C63119B0024088D /* Info.plist */ = {isa = PBXFileReference; lastKnownFileType = text.plist.xml; path = Info.plist; sourceTree = "<group>"; };
		B3F240B81C6312E50024088D /* MyUINavigationController.h */ = {isa = PBXFileReference; fileEncoding = 4; lastKnownFileType = sourcecode.c.h; path = MyUINavigationController.h; sourceTree = "<group>"; };
		B3F240B91C6312E50024088D /* MyUINavigationController.m */ = {isa = PBXFileReference; fileEncoding = 4; lastKnownFileType = sourcecode.c.objc; path = MyUINavigationController.m; sourceTree = "<group>"; };
		B3F240BB1C6313280024088D /* MyUITableViewController.h */ = {isa = PBXFileReference; fileEncoding = 4; lastKnownFileType = sourcecode.c.h; path = MyUITableViewController.h; sourceTree = "<group>"; };
		B3F240BC1C6313280024088D /* MyUITableViewController.m */ = {isa = PBXFileReference; fileEncoding = 4; lastKnownFileType = sourcecode.c.objc; path = MyUITableViewController.m; sourceTree = "<group>"; };
		B3F240BE1C6313690024088D /* MyUIViewController.h */ = {isa = PBXFileReference; fileEncoding = 4; lastKnownFileType = sourcecode.c.h; path = MyUIViewController.h; sourceTree = "<group>"; };
		B3F240BF1C6313690024088D /* MyUIViewController.m */ = {isa = PBXFileReference; fileEncoding = 4; lastKnownFileType = sourcecode.c.objc; path = MyUIViewController.m; sourceTree = "<group>"; };
		B3F240C11C63142C0024088D /* DPHandlesMoc.h */ = {isa = PBXFileReference; fileEncoding = 4; lastKnownFileType = sourcecode.c.h; path = DPHandlesMoc.h; sourceTree = "<group>"; };
		B3F240C21C6314740024088D /* DPHandlesToDoEntity.h */ = {isa = PBXFileReference; fileEncoding = 4; lastKnownFileType = sourcecode.c.h; path = DPHandlesToDoEntity.h; sourceTree = "<group>"; };
		B3F240C31C639DB20024088D /* ToDoEntity+CoreDataProperties.h */ = {isa = PBXFileReference; fileEncoding = 4; lastKnownFileType = sourcecode.c.h; path = "ToDoEntity+CoreDataProperties.h"; sourceTree = "<group>"; };
		B3F240C41C639DB20024088D /* ToDoEntity+CoreDataProperties.m */ = {isa = PBXFileReference; fileEncoding = 4; lastKnownFileType = sourcecode.c.objc; path = "ToDoEntity+CoreDataProperties.m"; sourceTree = "<group>"; };
		B3F240C51C639DB20024088D /* ToDoEntity.h */ = {isa = PBXFileReference; fileEncoding = 4; lastKnownFileType = sourcecode.c.h; path = ToDoEntity.h; sourceTree = "<group>"; };
		B3F240C61C639DB20024088D /* ToDoEntity.m */ = {isa = PBXFileReference; fileEncoding = 4; lastKnownFileType = sourcecode.c.objc; path = ToDoEntity.m; sourceTree = "<group>"; };
		B3F240C91C639FF50024088D /* MyTableViewCell.h */ = {isa = PBXFileReference; fileEncoding = 4; lastKnownFileType = sourcecode.c.h; path = MyTableViewCell.h; sourceTree = "<group>"; };
		B3F240CA1C639FF50024088D /* MyTableViewCell.m */ = {isa = PBXFileReference; fileEncoding = 4; lastKnownFileType = sourcecode.c.objc; path = MyTableViewCell.m; sourceTree = "<group>"; };
/* End PBXFileReference section */

/* Begin PBXFrameworksBuildPhase section */
		B3F240981C63119A0024088D /* Frameworks */ = {
			isa = PBXFrameworksBuildPhase;
			buildActionMask = 2147483647;
			files = (
			);
			runOnlyForDeploymentPostprocessing = 0;
		};
/* End PBXFrameworksBuildPhase section */

/* Begin PBXGroup section */
		B3F240921C63119A0024088D = {
			isa = PBXGroup;
			children = (
				B3F240C91C639FF50024088D /* MyTableViewCell.h */,
				B3F240CA1C639FF50024088D /* MyTableViewCell.m */,
				B3F240C31C639DB20024088D /* ToDoEntity+CoreDataProperties.h */,
				B3F240C41C639DB20024088D /* ToDoEntity+CoreDataProperties.m */,
				B3F240C51C639DB20024088D /* ToDoEntity.h */,
				B3F240C61C639DB20024088D /* ToDoEntity.m */,
				B3F2409D1C63119A0024088D /* ToDoManager */,
				B3F2409C1C63119A0024088D /* Products */,
			);
			sourceTree = "<group>";
		};
		B3F2409C1C63119A0024088D /* Products */ = {
			isa = PBXGroup;
			children = (
				B3F2409B1C63119A0024088D /* ToDoManager.app */,
			);
			name = Products;
			sourceTree = "<group>";
		};
		B3F2409D1C63119A0024088D /* ToDoManager */ = {
			isa = PBXGroup;
			children = (
				B3F240A11C63119A0024088D /* AppDelegate.h */,
				B3F240A21C63119A0024088D /* AppDelegate.m */,
				B3F240B81C6312E50024088D /* MyUINavigationController.h */,
				B3F240B91C6312E50024088D /* MyUINavigationController.m */,
				B3F240BB1C6313280024088D /* MyUITableViewController.h */,
				B3F240BC1C6313280024088D /* MyUITableViewController.m */,
				B3F240BE1C6313690024088D /* MyUIViewController.h */,
				B3F240BF1C6313690024088D /* MyUIViewController.m */,
				B3F240A71C63119A0024088D /* Main.storyboard */,
				B3F240AD1C63119B0024088D /* Assets.xcassets */,
				B3F240AF1C63119B0024088D /* LaunchScreen.storyboard */,
				B3F240B21C63119B0024088D /* Info.plist */,
				B3F240AA1C63119A0024088D /* ToDoManager.xcdatamodeld */,
				B3F2409E1C63119A0024088D /* Supporting Files */,
				B3F240C11C63142C0024088D /* DPHandlesMoc.h */,
				B3F240C21C6314740024088D /* DPHandlesToDoEntity.h */,
			);
			path = ToDoManager;
			sourceTree = "<group>";
		};
		B3F2409E1C63119A0024088D /* Supporting Files */ = {
			isa = PBXGroup;
			children = (
				B3F2409F1C63119A0024088D /* main.m */,
			);
			name = "Supporting Files";
			sourceTree = "<group>";
		};
/* End PBXGroup section */

/* Begin PBXNativeTarget section */
		B3F2409A1C63119A0024088D /* ToDoManager */ = {
			isa = PBXNativeTarget;
			buildConfigurationList = B3F240B51C63119B0024088D /* Build configuration list for PBXNativeTarget "ToDoManager" */;
			buildPhases = (
				B3F240971C63119A0024088D /* Sources */,
				B3F240981C63119A0024088D /* Frameworks */,
				B3F240991C63119A0024088D /* Resources */,
			);
			buildRules = (
			);
			dependencies = (
			);
			name = ToDoManager;
			productName = ToDoManager;
			productReference = B3F2409B1C63119A0024088D /* ToDoManager.app */;
			productType = "com.apple.product-type.application";
		};
/* End PBXNativeTarget section */

/* Begin PBXProject section */
		B3F240931C63119A0024088D /* Project object */ = {
			isa = PBXProject;
			attributes = {
				LastUpgradeCheck = 0720;
				ORGANIZATIONNAME = "Higepon Taro Minowa";
				TargetAttributes = {
					B3F2409A1C63119A0024088D = {
						CreatedOnToolsVersion = 7.2.1;
					};
				};
			};
			buildConfigurationList = B3F240961C63119A0024088D /* Build configuration list for PBXProject "ToDoManager" */;
			compatibilityVersion = "Xcode 3.2";
			developmentRegion = English;
			hasScannedForEncodings = 0;
			knownRegions = (
				en,
				Base,
			);
			mainGroup = B3F240921C63119A0024088D;
			productRefGroup = B3F2409C1C63119A0024088D /* Products */;
			projectDirPath = "";
			projectRoot = "";
			targets = (
				B3F2409A1C63119A0024088D /* ToDoManager */,
			);
		};
/* End PBXProject section */

/* Begin PBXResourcesBuildPhase section */
		B3F240991C63119A0024088D /* Resources */ = {
			isa = PBXResourcesBuildPhase;
			buildActionMask = 2147483647;
			files = (
				B3F240B11C63119B0024088D /* LaunchScreen.storyboard in Resources */,
				B3F240AE1C63119B0024088D /* Assets.xcassets in Resources */,
				B3F240A91C63119A0024088D /* Main.storyboard in Resources */,
			);
			runOnlyForDeploymentPostprocessing = 0;
		};
/* End PBXResourcesBuildPhase section */

/* Begin PBXSourcesBuildPhase section */
		B3F240971C63119A0024088D /* Sources */ = {
			isa = PBXSourcesBuildPhase;
			buildActionMask = 2147483647;
			files = (
				B3F240AC1C63119A0024088D /* ToDoManager.xcdatamodeld in Sources */,
				B3F240A31C63119A0024088D /* AppDelegate.m in Sources */,
				B3F240C81C639DB20024088D /* ToDoEntity.m in Sources */,
				B3F240CB1C639FF50024088D /* MyTableViewCell.m in Sources */,
				B3F240C71C639DB20024088D /* ToDoEntity+CoreDataProperties.m in Sources */,
				B3F240C01C6313690024088D /* MyUIViewController.m in Sources */,
				B3F240BD1C6313280024088D /* MyUITableViewController.m in Sources */,
				B3F240A01C63119A0024088D /* main.m in Sources */,
				B3F240BA1C6312E50024088D /* MyUINavigationController.m in Sources */,
			);
			runOnlyForDeploymentPostprocessing = 0;
		};
/* End PBXSourcesBuildPhase section */

/* Begin PBXVariantGroup section */
		B3F240A71C63119A0024088D /* Main.storyboard */ = {
			isa = PBXVariantGroup;
			children = (
				B3F240A81C63119A0024088D /* Base */,
			);
			name = Main.storyboard;
			sourceTree = "<group>";
		};
		B3F240AF1C63119B0024088D /* LaunchScreen.storyboard */ = {
			isa = PBXVariantGroup;
			children = (
				B3F240B01C63119B0024088D /* Base */,
			);
			name = LaunchScreen.storyboard;
			sourceTree = "<group>";
		};
/* End PBXVariantGroup section */

/* Begin XCBuildConfiguration section */
		B3F240B31C63119B0024088D /* Debug */ = {
			isa = XCBuildConfiguration;
			buildSettings = {
				ALWAYS_SEARCH_USER_PATHS = NO;
				CLANG_CXX_LANGUAGE_STANDARD = "gnu++0x";
				CLANG_CXX_LIBRARY = "libc++";
				CLANG_ENABLE_MODULES = YES;
				CLANG_ENABLE_OBJC_ARC = YES;
				CLANG_WARN_BOOL_CONVERSION = YES;
				CLANG_WARN_CONSTANT_CONVERSION = YES;
				CLANG_WARN_DIRECT_OBJC_ISA_USAGE = YES_ERROR;
				CLANG_WARN_EMPTY_BODY = YES;
				CLANG_WARN_ENUM_CONVERSION = YES;
				CLANG_WARN_INT_CONVERSION = YES;
				CLANG_WARN_OBJC_ROOT_CLASS = YES_ERROR;
				CLANG_WARN_UNREACHABLE_CODE = YES;
				CLANG_WARN__DUPLICATE_METHOD_MATCH = YES;
				"CODE_SIGN_IDENTITY[sdk=iphoneos*]" = "iPhone Developer";
				COPY_PHASE_STRIP = NO;
				DEBUG_INFORMATION_FORMAT = dwarf;
				ENABLE_STRICT_OBJC_MSGSEND = YES;
				ENABLE_TESTABILITY = YES;
				GCC_C_LANGUAGE_STANDARD = gnu99;
				GCC_DYNAMIC_NO_PIC = NO;
				GCC_NO_COMMON_BLOCKS = YES;
				GCC_OPTIMIZATION_LEVEL = 0;
				GCC_PREPROCESSOR_DEFINITIONS = (
					"DEBUG=1",
					"$(inherited)",
				);
				GCC_WARN_64_TO_32_BIT_CONVERSION = YES;
				GCC_WARN_ABOUT_RETURN_TYPE = YES_ERROR;
				GCC_WARN_UNDECLARED_SELECTOR = YES;
				GCC_WARN_UNINITIALIZED_AUTOS = YES_AGGRESSIVE;
				GCC_WARN_UNUSED_FUNCTION = YES;
				GCC_WARN_UNUSED_VARIABLE = YES;
				IPHONEOS_DEPLOYMENT_TARGET = 9.2;
				MTL_ENABLE_DEBUG_INFO = YES;
				ONLY_ACTIVE_ARCH = YES;
				SDKROOT = iphoneos;
			};
			name = Debug;
		};
		B3F240B41C63119B0024088D /* Release */ = {
			isa = XCBuildConfiguration;
			buildSettings = {
				ALWAYS_SEARCH_USER_PATHS = NO;
				CLANG_CXX_LANGUAGE_STANDARD = "gnu++0x";
				CLANG_CXX_LIBRARY = "libc++";
				CLANG_ENABLE_MODULES = YES;
				CLANG_ENABLE_OBJC_ARC = YES;
				CLANG_WARN_BOOL_CONVERSION = YES;
				CLANG_WARN_CONSTANT_CONVERSION = YES;
				CLANG_WARN_DIRECT_OBJC_ISA_USAGE = YES_ERROR;
				CLANG_WARN_EMPTY_BODY = YES;
				CLANG_WARN_ENUM_CONVERSION = YES;
				CLANG_WARN_INT_CONVERSION = YES;
				CLANG_WARN_OBJC_ROOT_CLASS = YES_ERROR;
				CLANG_WARN_UNREACHABLE_CODE = YES;
				CLANG_WARN__DUPLICATE_METHOD_MATCH = YES;
				"CODE_SIGN_IDENTITY[sdk=iphoneos*]" = "iPhone Developer";
				COPY_PHASE_STRIP = NO;
				DEBUG_INFORMATION_FORMAT = "dwarf-with-dsym";
				ENABLE_NS_ASSERTIONS = NO;
				ENABLE_STRICT_OBJC_MSGSEND = YES;
				GCC_C_LANGUAGE_STANDARD = gnu99;
				GCC_NO_COMMON_BLOCKS = YES;
				GCC_WARN_64_TO_32_BIT_CONVERSION = YES;
				GCC_WARN_ABOUT_RETURN_TYPE = YES_ERROR;
				GCC_WARN_UNDECLARED_SELECTOR = YES;
				GCC_WARN_UNINITIALIZED_AUTOS = YES_AGGRESSIVE;
				GCC_WARN_UNUSED_FUNCTION = YES;
				GCC_WARN_UNUSED_VARIABLE = YES;
				IPHONEOS_DEPLOYMENT_TARGET = 9.2;
				MTL_ENABLE_DEBUG_INFO = NO;
				SDKROOT = iphoneos;
				VALIDATE_PRODUCT = YES;
			};
			name = Release;
		};
		B3F240B61C63119B0024088D /* Debug */ = {
			isa = XCBuildConfiguration;
			buildSettings = {
				ASSETCATALOG_COMPILER_APPICON_NAME = AppIcon;
				INFOPLIST_FILE = ToDoManager/Info.plist;
				LD_RUNPATH_SEARCH_PATHS = "$(inherited) @executable_path/Frameworks";
				PRODUCT_BUNDLE_IDENTIFIER = Mona.ToDoManager;
				PRODUCT_NAME = "$(TARGET_NAME)";
			};
			name = Debug;
		};
		B3F240B71C63119B0024088D /* Release */ = {
			isa = XCBuildConfiguration;
			buildSettings = {
				ASSETCATALOG_COMPILER_APPICON_NAME = AppIcon;
				INFOPLIST_FILE = ToDoManager/Info.plist;
				LD_RUNPATH_SEARCH_PATHS = "$(inherited) @executable_path/Frameworks";
				PRODUCT_BUNDLE_IDENTIFIER = Mona.ToDoManager;
				PRODUCT_NAME = "$(TARGET_NAME)";
			};
			name = Release;
		};
/* End XCBuildConfiguration section */

/* Begin XCConfigurationList section */
		B3F240961C63119A0024088D /* Build configuration list for PBXProject "ToDoManager" */ = {
			isa = XCConfigurationList;
			buildConfigurations = (
				B3F240B31C63119B0024088D /* Debug */,
				B3F240B41C63119B0024088D /* Release */,
			);
			defaultConfigurationIsVisible = 0;
			defaultConfigurationName = Release;
		};
		B3F240B51C63119B0024088D /* Build configuration list for PBXNativeTarget "ToDoManager" */ = {
			isa = XCConfigurationList;
			buildConfigurations = (
				B3F240B61C63119B0024088D /* Debug */,
				B3F240B71C63119B0024088D /* Release */,
			);
			defaultConfigurationIsVisible = 0;
			defaultConfigurationName = Release;
		};
/* End XCConfigurationList section */

/* Begin XCVersionGroup section */
		B3F240AA1C63119A0024088D /* ToDoManager.xcdatamodeld */ = {
			isa = XCVersionGroup;
			children = (
				B3F240AB1C63119A0024088D /* ToDoManager.xcdatamodel */,
			);
			currentVersion = B3F240AB1C63119A0024088D /* ToDoManager.xcdatamodel */;
			path = ToDoManager.xcdatamodeld;
			sourceTree = "<group>";
			versionGroupType = wrapper.xcdatamodel;
		};
/* End XCVersionGroup section */
	};
	rootObject = B3F240931C63119A0024088D /* Project object */;
}
